dependencies:
- name: common
  repository: https://charts.bitnami.com/bitnami
  version: 2.4.0
- name: reloader
  repository: https://stakater.github.io/stakater-charts
  version: 1.0.43
digest: sha256:fe034d8eb2a33e84fa4e4d59e8b5be1caeb05f426398a36001e1e08020b1a05f
generated: "2023-10-10T18:46:23.386662399Z"
